
Microsoft Visual Studio Solution File, Format Version 12.00
# Visual Studio Version 17
VisualStudioVersion = 17.9.34714.143
MinimumVisualStudioVersion = 10.0.40219.1
Project("{9A19103F-16F7-4668-BE54-9A1E7A4F7556}") = "SCP3199Config", "SCP3199Config.csproj", "{8D60B9BD-4D1F-404F-A897-BE9FA1550253}"
EndProject
Global
	GlobalSection(SolutionConfigurationPlatforms) = preSolution
		Debug|Any CPU = Debug|Any CPU
		Release|Any CPU = Release|Any CPU
	EndGlobalSection
	GlobalSection(ProjectConfigurationPlatforms) = postSolution
		{8D60B9BD-4D1F-404F-A897-BE9FA1550253}.Debug|Any CPU.ActiveCfg = Debug|Any CPU
		{8D60B9BD-4D1F-404F-A897-BE9FA1550253}.Debug|Any CPU.Build.0 = Debug|Any CPU
		{8D60B9BD-4D1F-404F-A897-BE9FA1550253}.Release|Any CPU.ActiveCfg = Release|Any CPU
		{8D60B9BD-4D1F-404F-A897-BE9FA1550253}.Release|Any CPU.Build.0 = Release|Any CPU
	EndGlobalSection
	GlobalSection(SolutionProperties) = preSolution
		HideSolutionNode = FALSE
	EndGlobalSection
	GlobalSection(ExtensibilityGlobals) = postSolution
		SolutionGuid = {615C8C10-33EF-48DE-AFA2-04E3125AFD5F}
	EndGlobalSection
EndGlobal
